
Microsoft Visual Studio Solution File, Format Version 12.00
# Visual Studio Version 17
VisualStudioVersion = 17.14.36310.24 d17.14
MinimumVisualStudioVersion = 10.0.40219.1
Project("{888888A0-9F3D-457C-B088-3A5042F75D52}") = "Data Structure Learning project", "Data Structure Learning project.pyproj", "{F138E92E-DD9D-4782-BC51-7D730F209682}"
EndProject
Global
	GlobalSection(SolutionConfigurationPlatforms) = preSolution
		Debug|Any CPU = Debug|Any CPU
		Release|Any CPU = Release|Any CPU
	EndGlobalSection
	GlobalSection(ProjectConfigurationPlatforms) = postSolution
		{F138E92E-DD9D-4782-BC51-7D730F209682}.Debug|Any CPU.ActiveCfg = Debug|Any CPU
		{F138E92E-DD9D-4782-BC51-7D730F209682}.Release|Any CPU.ActiveCfg = Release|Any CPU
	EndGlobalSection
	GlobalSection(SolutionProperties) = preSolution
		HideSolutionNode = FALSE
	EndGlobalSection
	GlobalSection(ExtensibilityGlobals) = postSolution
		SolutionGuid = {4D4F928E-D82F-4E86-80F9-90618A620B63}
	EndGlobalSection
EndGlobal
